// !$*UTF8*$!
{
	archiveVersion = 1;
	classes = {
	};
	objectVersion = 46;
	objects = {

/* Begin PBXBuildFile section */
		345641F419FBE85F00D869E6 /* AppDelegate.swift in Sources */ = {isa = PBXBuildFile; fileRef = 345641F319FBE85F00D869E6 /* AppDelegate.swift */; };
		345641F619FBE85F00D869E6 /* ViewController.swift in Sources */ = {isa = PBXBuildFile; fileRef = 345641F519FBE85F00D869E6 /* ViewController.swift */; };
		345641F919FBE85F00D869E6 /* Main.storyboard in Resources */ = {isa = PBXBuildFile; fileRef = 345641F719FBE85F00D869E6 /* Main.storyboard */; };
		345641FB19FBE85F00D869E6 /* Images.xcassets in Resources */ = {isa = PBXBuildFile; fileRef = 345641FA19FBE85F00D869E6 /* Images.xcassets */; };
		345641FE19FBE85F00D869E6 /* LaunchScreen.xib in Resources */ = {isa = PBXBuildFile; fileRef = 345641FC19FBE85F00D869E6 /* LaunchScreen.xib */; };
		3456420A19FBE85F00D869E6 /* Age_of_LaikaTests.swift in Sources */ = {isa = PBXBuildFile; fileRef = 3456420919FBE85F00D869E6 /* Age_of_LaikaTests.swift */; };
		3456421419FBE87E00D869E6 /* AgeOfLaika.jpg in Resources */ = {isa = PBXBuildFile; fileRef = 3456421319FBE87E00D869E6 /* AgeOfLaika.jpg */; };
/* End PBXBuildFile section */

/* Begin PBXContainerItemProxy section */
		3456420419FBE85F00D869E6 /* PBXContainerItemProxy */ = {
			isa = PBXContainerItemProxy;
			containerPortal = 345641E619FBE85F00D869E6 /* Project object */;
			proxyType = 1;
			remoteGlobalIDString = 345641ED19FBE85F00D869E6;
			remoteInfo = "Age of Laika";
		};
/* End PBXContainerItemProxy section */

/* Begin PBXFileReference section */
		345641EE19FBE85F00D869E6 /* Age of Laika.app */ = {isa = PBXFileReference; explicitFileType = wrapper.application; includeInIndex = 0; path = "Age of Laika.app"; sourceTree = BUILT_PRODUCTS_DIR; };
		345641F219FBE85F00D869E6 /* Info.plist */ = {isa = PBXFileReference; lastKnownFileType = text.plist.xml; path = Info.plist; sourceTree = "<group>"; };
		345641F319FBE85F00D869E6 /* AppDelegate.swift */ = {isa = PBXFileReference; lastKnownFileType = sourcecode.swift; path = AppDelegate.swift; sourceTree = "<group>"; };
		345641F519FBE85F00D869E6 /* ViewController.swift */ = {isa = PBXFileReference; lastKnownFileType = sourcecode.swift; path = ViewController.swift; sourceTree = "<group>"; };
		345641F819FBE85F00D869E6 /* Base */ = {isa = PBXFileReference; lastKnownFileType = file.storyboard; name = Base; path = Base.lproj/Main.storyboard; sourceTree = "<group>"; };
		345641FA19FBE85F00D869E6 /* Images.xcassets */ = {isa = PBXFileReference; lastKnownFileType = folder.assetcatalog; path = Images.xcassets; sourceTree = "<group>"; };
		345641FD19FBE85F00D869E6 /* Base */ = {isa = PBXFileReference; lastKnownFileType = file.xib; name = Base; path = Base.lproj/LaunchScreen.xib; sourceTree = "<group>"; };
		3456420319FBE85F00D869E6 /* Age of LaikaTests.xctest */ = {isa = PBXFileReference; explicitFileType = wrapper.cfbundle; includeInIndex = 0; path = "Age of LaikaTests.xctest"; sourceTree = BUILT_PRODUCTS_DIR; };
		3456420819FBE85F00D869E6 /* Info.plist */ = {isa = PBXFileReference; lastKnownFileType = text.plist.xml; path = Info.plist; sourceTree = "<group>"; };
		3456420919FBE85F00D869E6 /* Age_of_LaikaTests.swift */ = {isa = PBXFileReference; lastKnownFileType = sourcecode.swift; path = Age_of_LaikaTests.swift; sourceTree = "<group>"; };
		3456421319FBE87E00D869E6 /* AgeOfLaika.jpg */ = {isa = PBXFileReference; lastKnownFileType = image.jpeg; path = AgeOfLaika.jpg; sourceTree = "<group>"; };
/* End PBXFileReference section */

/* Begin PBXFrameworksBuildPhase section */
		345641EB19FBE85F00D869E6 /* Frameworks */ = {
			isa = PBXFrameworksBuildPhase;
			buildActionMask = 2147483647;
			files = (
			);
			runOnlyForDeploymentPostprocessing = 0;
		};
		3456420019FBE85F00D869E6 /* Frameworks */ = {
			isa = PBXFrameworksBuildPhase;
			buildActionMask = 2147483647;
			files = (
			);
			runOnlyForDeploymentPostprocessing = 0;
		};
/* End PBXFrameworksBuildPhase section */

/* Begin PBXGroup section */
		345641E519FBE85F00D869E6 = {
			isa = PBXGroup;
			children = (
				345641F019FBE85F00D869E6 /* Age of Laika */,
				3456420619FBE85F00D869E6 /* Age of LaikaTests */,
				345641EF19FBE85F00D869E6 /* Products */,
			);
			sourceTree = "<group>";
		};
		345641EF19FBE85F00D869E6 /* Products */ = {
			isa = PBXGroup;
			children = (
				345641EE19FBE85F00D869E6 /* Age of Laika.app */,
				3456420319FBE85F00D869E6 /* Age of LaikaTests.xctest */,
			);
			name = Products;
			sourceTree = "<group>";
		};
		345641F019FBE85F00D869E6 /* Age of Laika */ = {
			isa = PBXGroup;
			children = (
				345641F319FBE85F00D869E6 /* AppDelegate.swift */,
				345641F519FBE85F00D869E6 /* ViewController.swift */,
				345641F719FBE85F00D869E6 /* Main.storyboard */,
				345641FA19FBE85F00D869E6 /* Images.xcassets */,
				345641FC19FBE85F00D869E6 /* LaunchScreen.xib */,
				345641F119FBE85F00D869E6 /* Supporting Files */,
			);
			path = "Age of Laika";
			sourceTree = "<group>";
		};
		345641F119FBE85F00D869E6 /* Supporting Files */ = {
			isa = PBXGroup;
			children = (
				3456421319FBE87E00D869E6 /* AgeOfLaika.jpg */,
				345641F219FBE85F00D869E6 /* Info.plist */,
			);
			name = "Supporting Files";
			sourceTree = "<group>";
		};
		3456420619FBE85F00D869E6 /* Age of LaikaTests */ = {
			isa = PBXGroup;
			children = (
				3456420919FBE85F00D869E6 /* Age_of_LaikaTests.swift */,
				3456420719FBE85F00D869E6 /* Supporting Files */,
			);
			path = "Age of LaikaTests";
			sourceTree = "<group>";
		};
		3456420719FBE85F00D869E6 /* Supporting Files */ = {
			isa = PBXGroup;
			children = (
				3456420819FBE85F00D869E6 /* Info.plist */,
			);
			name = "Supporting Files";
			sourceTree = "<group>";
		};
/* End PBXGroup section */

/* Begin PBXNativeTarget section */
		345641ED19FBE85F00D869E6 /* Age of Laika */ = {
			isa = PBXNativeTarget;
			buildConfigurationList = 3456420D19FBE85F00D869E6 /* Build configuration list for PBXNativeTarget "Age of Laika" */;
			buildPhases = (
				345641EA19FBE85F00D869E6 /* Sources */,
				345641EB19FBE85F00D869E6 /* Frameworks */,
				345641EC19FBE85F00D869E6 /* Resources */,
			);
			buildRules = (
			);
			dependencies = (
			);
			name = "Age of Laika";
			productName = "Age of Laika";
			productReference = 345641EE19FBE85F00D869E6 /* Age of Laika.app */;
			productType = "com.apple.product-type.application";
		};
		3456420219FBE85F00D869E6 /* Age of LaikaTests */ = {
			isa = PBXNativeTarget;
			buildConfigurationList = 3456421019FBE85F00D869E6 /* Build configuration list for PBXNativeTarget "Age of LaikaTests" */;
			buildPhases = (
				345641FF19FBE85F00D869E6 /* Sources */,
				3456420019FBE85F00D869E6 /* Frameworks */,
				3456420119FBE85F00D869E6 /* Resources */,
			);
			buildRules = (
			);
			dependencies = (
				3456420519FBE85F00D869E6 /* PBXTargetDependency */,
			);
			name = "Age of LaikaTests";
			productName = "Age of LaikaTests";
			productReference = 3456420319FBE85F00D869E6 /* Age of LaikaTests.xctest */;
			productType = "com.apple.product-type.bundle.unit-test";
		};
/* End PBXNativeTarget section */

/* Begin PBXProject section */
		345641E619FBE85F00D869E6 /* Project object */ = {
			isa = PBXProject;
			attributes = {
				LastUpgradeCheck = 0610;
				ORGANIZATIONNAME = "Mauro Consiglio";
				TargetAttributes = {
					345641ED19FBE85F00D869E6 = {
						CreatedOnToolsVersion = 6.1;
					};
					3456420219FBE85F00D869E6 = {
						CreatedOnToolsVersion = 6.1;
						TestTargetID = 345641ED19FBE85F00D869E6;
					};
				};
			};
			buildConfigurationList = 345641E919FBE85F00D869E6 /* Build configuration list for PBXProject "Age of Laika" */;
			compatibilityVersion = "Xcode 3.2";
			developmentRegion = English;
			hasScannedForEncodings = 0;
			knownRegions = (
				en,
				Base,
			);
			mainGroup = 345641E519FBE85F00D869E6;
			productRefGroup = 345641EF19FBE85F00D869E6 /* Products */;
			projectDirPath = "";
			projectRoot = "";
			targets = (
				345641ED19FBE85F00D869E6 /* Age of Laika */,
				3456420219FBE85F00D869E6 /* Age of LaikaTests */,
			);
		};
/* End PBXProject section */

/* Begin PBXResourcesBuildPhase section */
		345641EC19FBE85F00D869E6 /* Resources */ = {
			isa = PBXResourcesBuildPhase;
			buildActionMask = 2147483647;
			files = (
				345641F919FBE85F00D869E6 /* Main.storyboard in Resources */,
				3456421419FBE87E00D869E6 /* AgeOfLaika.jpg in Resources */,
				345641FE19FBE85F00D869E6 /* LaunchScreen.xib in Resources */,
				345641FB19FBE85F00D869E6 /* Images.xcassets in Resources */,
			);
			runOnlyForDeploymentPostprocessing = 0;
		};
		3456420119FBE85F00D869E6 /* Resources */ = {
			isa = PBXResourcesBuildPhase;
			buildActionMask = 2147483647;
			files = (
			);
			runOnlyForDeploymentPostprocessing = 0;
		};
/* End PBXResourcesBuildPhase section */

/* Begin PBXSourcesBuildPhase section */
		345641EA19FBE85F00D869E6 /* Sources */ = {
			isa = PBXSourcesBuildPhase;
			buildActionMask = 2147483647;
			files = (
				345641F619FBE85F00D869E6 /* ViewController.swift in Sources */,
				345641F419FBE85F00D869E6 /* AppDelegate.swift in Sources */,
			);
			runOnlyForDeploymentPostprocessing = 0;
		};
		345641FF19FBE85F00D869E6 /* Sources */ = {
			isa = PBXSourcesBuildPhase;
			buildActionMask = 2147483647;
			files = (
				3456420A19FBE85F00D869E6 /* Age_of_LaikaTests.swift in Sources */,
			);
			runOnlyForDeploymentPostprocessing = 0;
		};
/* End PBXSourcesBuildPhase section */

/* Begin PBXTargetDependency section */
		3456420519FBE85F00D869E6 /* PBXTargetDependency */ = {
			isa = PBXTargetDependency;
			target = 345641ED19FBE85F00D869E6 /* Age of Laika */;
			targetProxy = 3456420419FBE85F00D869E6 /* PBXContainerItemProxy */;
		};
/* End PBXTargetDependency section */

/* Begin PBXVariantGroup section */
		345641F719FBE85F00D869E6 /* Main.storyboard */ = {
			isa = PBXVariantGroup;
			children = (
				345641F819FBE85F00D869E6 /* Base */,
			);
			name = Main.storyboard;
			sourceTree = "<group>";
		};
		345641FC19FBE85F00D869E6 /* LaunchScreen.xib */ = {
			isa = PBXVariantGroup;
			children = (
				345641FD19FBE85F00D869E6 /* Base */,
			);
			name = LaunchScreen.xib;
			sourceTree = "<group>";
		};
/* End PBXVariantGroup section */

/* Begin XCBuildConfiguration section */
		3456420B19FBE85F00D869E6 /* Debug */ = {
			isa = XCBuildConfiguration;
			buildSettings = {
				ALWAYS_SEARCH_USER_PATHS = NO;
				CLANG_CXX_LANGUAGE_STANDARD = "gnu++0x";
				CLANG_CXX_LIBRARY = "libc++";
				CLANG_ENABLE_MODULES = YES;
				CLANG_ENABLE_OBJC_ARC = YES;
				CLANG_WARN_BOOL_CONVERSION = YES;
				CLANG_WARN_CONSTANT_CONVERSION = YES;
				CLANG_WARN_DIRECT_OBJC_ISA_USAGE = YES_ERROR;
				CLANG_WARN_EMPTY_BODY = YES;
				CLANG_WARN_ENUM_CONVERSION = YES;
				CLANG_WARN_INT_CONVERSION = YES;
				CLANG_WARN_OBJC_ROOT_CLASS = YES_ERROR;
				CLANG_WARN_UNREACHABLE_CODE = YES;
				CLANG_WARN__DUPLICATE_METHOD_MATCH = YES;
				"CODE_SIGN_IDENTITY[sdk=iphoneos*]" = "iPhone Developer";
				COPY_PHASE_STRIP = NO;
				ENABLE_STRICT_OBJC_MSGSEND = YES;
				GCC_C_LANGUAGE_STANDARD = gnu99;
				GCC_DYNAMIC_NO_PIC = NO;
				GCC_OPTIMIZATION_LEVEL = 0;
				GCC_PREPROCESSOR_DEFINITIONS = (
					"DEBUG=1",
					"$(inherited)",
				);
				GCC_SYMBOLS_PRIVATE_EXTERN = NO;
				GCC_WARN_64_TO_32_BIT_CONVERSION = YES;
				GCC_WARN_ABOUT_RETURN_TYPE = YES_ERROR;
				GCC_WARN_UNDECLARED_SELECTOR = YES;
				GCC_WARN_UNINITIALIZED_AUTOS = YES_AGGRESSIVE;
				GCC_WARN_UNUSED_FUNCTION = YES;
				GCC_WARN_UNUSED_VARIABLE = YES;
				IPHONEOS_DEPLOYMENT_TARGET = 8.1;
				MTL_ENABLE_DEBUG_INFO = YES;
				ONLY_ACTIVE_ARCH = YES;
				SDKROOT = iphoneos;
				SWIFT_OPTIMIZATION_LEVEL = "-Onone";
				TARGETED_DEVICE_FAMILY = "1,2";
			};
			name = Debug;
		};
		3456420C19FBE85F00D869E6 /* Release */ = {
			isa = XCBuildConfiguration;
			buildSettings = {
				ALWAYS_SEARCH_USER_PATHS = NO;
				CLANG_CXX_LANGUAGE_STANDARD = "gnu++0x";
				CLANG_CXX_LIBRARY = "libc++";
				CLANG_ENABLE_MODULES = YES;
				CLANG_ENABLE_OBJC_ARC = YES;
				CLANG_WARN_BOOL_CONVERSION = YES;
				CLANG_WARN_CONSTANT_CONVERSION = YES;
				CLANG_WARN_DIRECT_OBJC_ISA_USAGE = YES_ERROR;
				CLANG_WARN_EMPTY_BODY = YES;
				CLANG_WARN_ENUM_CONVERSION = YES;
				CLANG_WARN_INT_CONVERSION = YES;
				CLANG_WARN_OBJC_ROOT_CLASS = YES_ERROR;
				CLANG_WARN_UNREACHABLE_CODE = YES;
				CLANG_WARN__DUPLICATE_METHOD_MATCH = YES;
				"CODE_SIGN_IDENTITY[sdk=iphoneos*]" = "iPhone Developer";
				COPY_PHASE_STRIP = YES;
				ENABLE_NS_ASSERTIONS = NO;
				ENABLE_STRICT_OBJC_MSGSEND = YES;
				GCC_C_LANGUAGE_STANDARD = gnu99;
				GCC_WARN_64_TO_32_BIT_CONVERSION = YES;
				GCC_WARN_ABOUT_RETURN_TYPE = YES_ERROR;
				GCC_WARN_UNDECLARED_SELECTOR = YES;
				GCC_WARN_UNINITIALIZED_AUTOS = YES_AGGRESSIVE;
				GCC_WARN_UNUSED_FUNCTION = YES;
				GCC_WARN_UNUSED_VARIABLE = YES;
				IPHONEOS_DEPLOYMENT_TARGET = 8.1;
				MTL_ENABLE_DEBUG_INFO = NO;
				SDKROOT = iphoneos;
				TARGETED_DEVICE_FAMILY = "1,2";
				VALIDATE_PRODUCT = YES;
			};
			name = Release;
		};
		3456420E19FBE85F00D869E6 /* Debug */ = {
			isa = XCBuildConfiguration;
			buildSettings = {
				ASSETCATALOG_COMPILER_APPICON_NAME = AppIcon;
				INFOPLIST_FILE = "Age of Laika/Info.plist";
				LD_RUNPATH_SEARCH_PATHS = "$(inherited) @executable_path/Frameworks";
				PRODUCT_NAME = "$(TARGET_NAME)";
			};
			name = Debug;
		};
		3456420F19FBE85F00D869E6 /* Release */ = {
			isa = XCBuildConfiguration;
			buildSettings = {
				ASSETCATALOG_COMPILER_APPICON_NAME = AppIcon;
				INFOPLIST_FILE = "Age of Laika/Info.plist";
				LD_RUNPATH_SEARCH_PATHS = "$(inherited) @executable_path/Frameworks";
				PRODUCT_NAME = "$(TARGET_NAME)";
			};
			name = Release;
		};
		3456421119FBE85F00D869E6 /* Debug */ = {
			isa = XCBuildConfiguration;
			buildSettings = {
				BUNDLE_LOADER = "$(TEST_HOST)";
				FRAMEWORK_SEARCH_PATHS = (
					"$(SDKROOT)/Developer/Library/Frameworks",
					"$(inherited)",
				);
				GCC_PREPROCESSOR_DEFINITIONS = (
					"DEBUG=1",
					"$(inherited)",
				);
				INFOPLIST_FILE = "Age of LaikaTests/Info.plist";
				LD_RUNPATH_SEARCH_PATHS = "$(inherited) @executable_path/Frameworks @loader_path/Frameworks";
				PRODUCT_NAME = "$(TARGET_NAME)";
				TEST_HOST = "$(BUILT_PRODUCTS_DIR)/Age of Laika.app/Age of Laika";
			};
			name = Debug;
		};
		3456421219FBE85F00D869E6 /* Release */ = {
			isa = XCBuildConfiguration;
			buildSettings = {
				BUNDLE_LOADER = "$(TEST_HOST)";
				FRAMEWORK_SEARCH_PATHS = (
					"$(SDKROOT)/Developer/Library/Frameworks",
					"$(inherited)",
				);
				INFOPLIST_FILE = "Age of LaikaTests/Info.plist";
				LD_RUNPATH_SEARCH_PATHS = "$(inherited) @executable_path/Frameworks @loader_path/Frameworks";
				PRODUCT_NAME = "$(TARGET_NAME)";
				TEST_HOST = "$(BUILT_PRODUCTS_DIR)/Age of Laika.app/Age of Laika";
			};
			name = Release;
		};
/* End XCBuildConfiguration section */

/* Begin XCConfigurationList section */
		345641E919FBE85F00D869E6 /* Build configuration list for PBXProject "Age of Laika" */ = {
			isa = XCConfigurationList;
			buildConfigurations = (
				3456420B19FBE85F00D869E6 /* Debug */,
				3456420C19FBE85F00D869E6 /* Release */,
			);
			defaultConfigurationIsVisible = 0;
			defaultConfigurationName = Release;
		};
		3456420D19FBE85F00D869E6 /* Build configuration list for PBXNativeTarget "Age of Laika" */ = {
			isa = XCConfigurationList;
			buildConfigurations = (
				3456420E19FBE85F00D869E6 /* Debug */,
				3456420F19FBE85F00D869E6 /* Release */,
			);
			defaultConfigurationIsVisible = 0;
		};
		3456421019FBE85F00D869E6 /* Build configuration list for PBXNativeTarget "Age of LaikaTests" */ = {
			isa = XCConfigurationList;
			buildConfigurations = (
				3456421119FBE85F00D869E6 /* Debug */,
				3456421219FBE85F00D869E6 /* Release */,
			);
			defaultConfigurationIsVisible = 0;
		};
/* End XCConfigurationList section */
	};
	rootObject = 345641E619FBE85F00D869E6 /* Project object */;
}
